
Microsoft Visual Studio Solution File, Format Version 12.00
# Visual Studio 15
VisualStudioVersion = 15.0.27703.2035
MinimumVisualStudioVersion = 10.0.40219.1
Project("{FAE04EC0-301F-11D3-BF4B-00C04F79EFBC}") = "Juwerely_store", "Juwerely_store\Juwerely_store.csproj", "{F8C7A660-7811-431E-9CB3-9626CE922C02}"
EndProject
Global
	GlobalSection(SolutionConfigurationPlatforms) = preSolution
		Debug|Any CPU = Debug|Any CPU
		Release|Any CPU = Release|Any CPU
	EndGlobalSection
	GlobalSection(ProjectConfigurationPlatforms) = postSolution
		{F8C7A660-7811-431E-9CB3-9626CE922C02}.Debug|Any CPU.ActiveCfg = Debug|Any CPU
		{F8C7A660-7811-431E-9CB3-9626CE922C02}.Debug|Any CPU.Build.0 = Debug|Any CPU
		{F8C7A660-7811-431E-9CB3-9626CE922C02}.Release|Any CPU.ActiveCfg = Release|Any CPU
		{F8C7A660-7811-431E-9CB3-9626CE922C02}.Release|Any CPU.Build.0 = Release|Any CPU
	EndGlobalSection
	GlobalSection(SolutionProperties) = preSolution
		HideSolutionNode = FALSE
	EndGlobalSection
	GlobalSection(ExtensibilityGlobals) = postSolution
		SolutionGuid = {7CFD9994-C115-485F-8C4E-6CA11B323C25}
	EndGlobalSection
EndGlobal
